
Microsoft Visual Studio Solution File, Format Version 12.00
# Visual Studio Version 17
VisualStudioVersion = 17.13.35818.85
MinimumVisualStudioVersion = 10.0.40219.1
Project("{FAE04EC0-301F-11D3-BF4B-00C04F79EFBC}") = "NotificationApi.Presentation", "NotificationApi.Presentation\NotificationApi.Presentation.csproj", "{3F0D7A38-EA29-4BA2-ABDB-EF56120F8A21}"
EndProject
Project("{FAE04EC0-301F-11D3-BF4B-00C04F79EFBC}") = "PetLuvSystem.SharedLibrary", "..\PetLuvSystem.SharedLibrarySolution\PetLuvSystem.SharedLibrary\PetLuvSystem.SharedLibrary.csproj", "{EAFB8A0A-1B34-7D38-F89B-8D3A960DE626}"
EndProject
Project("{FAE04EC0-301F-11D3-BF4B-00C04F79EFBC}") = "NotificationApi.Application", "NotificationApi.Application\NotificationApi.Application.csproj", "{0034CCEC-1036-4C36-B361-D075C419A5C2}"
EndProject
Project("{FAE04EC0-301F-11D3-BF4B-00C04F79EFBC}") = "NotificationApi.Infrestructure", "NotificationApi.Infrestructure\NotificationApi.Infrestructure.csproj", "{669EC3E2-B5D0-4304-A048-5666C4D87202}"
EndProject
Global
	GlobalSection(SolutionConfigurationPlatforms) = preSolution
		Debug|Any CPU = Debug|Any CPU
		Release|Any CPU = Release|Any CPU
	EndGlobalSection
	GlobalSection(ProjectConfigurationPlatforms) = postSolution
		{3F0D7A38-EA29-4BA2-ABDB-EF56120F8A21}.Debug|Any CPU.ActiveCfg = Debug|Any CPU
		{3F0D7A38-EA29-4BA2-ABDB-EF56120F8A21}.Debug|Any CPU.Build.0 = Debug|Any CPU
		{3F0D7A38-EA29-4BA2-ABDB-EF56120F8A21}.Release|Any CPU.ActiveCfg = Release|Any CPU
		{3F0D7A38-EA29-4BA2-ABDB-EF56120F8A21}.Release|Any CPU.Build.0 = Release|Any CPU
		{EAFB8A0A-1B34-7D38-F89B-8D3A960DE626}.Debug|Any CPU.ActiveCfg = Debug|Any CPU
		{EAFB8A0A-1B34-7D38-F89B-8D3A960DE626}.Debug|Any CPU.Build.0 = Debug|Any CPU
		{EAFB8A0A-1B34-7D38-F89B-8D3A960DE626}.Release|Any CPU.ActiveCfg = Release|Any CPU
		{EAFB8A0A-1B34-7D38-F89B-8D3A960DE626}.Release|Any CPU.Build.0 = Release|Any CPU
		{0034CCEC-1036-4C36-B361-D075C419A5C2}.Debug|Any CPU.ActiveCfg = Debug|Any CPU
		{0034CCEC-1036-4C36-B361-D075C419A5C2}.Debug|Any CPU.Build.0 = Debug|Any CPU
		{0034CCEC-1036-4C36-B361-D075C419A5C2}.Release|Any CPU.ActiveCfg = Release|Any CPU
		{0034CCEC-1036-4C36-B361-D075C419A5C2}.Release|Any CPU.Build.0 = Release|Any CPU
		{669EC3E2-B5D0-4304-A048-5666C4D87202}.Debug|Any CPU.ActiveCfg = Debug|Any CPU
		{669EC3E2-B5D0-4304-A048-5666C4D87202}.Debug|Any CPU.Build.0 = Debug|Any CPU
		{669EC3E2-B5D0-4304-A048-5666C4D87202}.Release|Any CPU.ActiveCfg = Release|Any CPU
		{669EC3E2-B5D0-4304-A048-5666C4D87202}.Release|Any CPU.Build.0 = Release|Any CPU
	EndGlobalSection
	GlobalSection(SolutionProperties) = preSolution
		HideSolutionNode = FALSE
	EndGlobalSection
	GlobalSection(ExtensibilityGlobals) = postSolution
		SolutionGuid = {FDD038AD-0493-4C0B-AB84-FAC8482D8987}
	EndGlobalSection
EndGlobal
