
Microsoft Visual Studio Solution File, Format Version 12.00
# Visual Studio Version 17
VisualStudioVersion = 17.11.35208.52
MinimumVisualStudioVersion = 10.0.40219.1
Project("{FAE04EC0-301F-11D3-BF4B-00C04F79EFBC}") = "BookingApi.Application", "BookingApi.Application\BookingApi.Application.csproj", "{37FA4F82-396F-4412-B714-464885689313}"
EndProject
Project("{FAE04EC0-301F-11D3-BF4B-00C04F79EFBC}") = "BookingApi.Domain", "BookingApi.Domain\BookingApi.Domain.csproj", "{77388433-C373-4607-8F06-6F7E1BB49A06}"
EndProject
Project("{FAE04EC0-301F-11D3-BF4B-00C04F79EFBC}") = "BookingApi.Infrastructure", "BookingApi.Infrastructure\BookingApi.Infrastructure.csproj", "{D4FB300C-6158-4CFA-A445-E884F19B2794}"
EndProject
Project("{FAE04EC0-301F-11D3-BF4B-00C04F79EFBC}") = "BookingApi.Presentation", "BookingApi.Presentation\BookingApi.Presentation.csproj", "{1432AD90-5088-4789-804A-8429D2E488E7}"
EndProject
Project("{9A19103F-16F7-4668-BE54-9A1E7A4F7556}") = "PetLuvSystem.SharedLibrary", "..\PetLuvSystem.SharedLibrarySolution\PetLuvSystem.SharedLibrary\PetLuvSystem.SharedLibrary.csproj", "{BA668553-160D-4DAF-A545-DE32439859ED}"
EndProject
Global
	GlobalSection(SolutionConfigurationPlatforms) = preSolution
		Debug|Any CPU = Debug|Any CPU
		Release|Any CPU = Release|Any CPU
	EndGlobalSection
	GlobalSection(ProjectConfigurationPlatforms) = postSolution
		{37FA4F82-396F-4412-B714-464885689313}.Debug|Any CPU.ActiveCfg = Debug|Any CPU
		{37FA4F82-396F-4412-B714-464885689313}.Debug|Any CPU.Build.0 = Debug|Any CPU
		{37FA4F82-396F-4412-B714-464885689313}.Release|Any CPU.ActiveCfg = Release|Any CPU
		{37FA4F82-396F-4412-B714-464885689313}.Release|Any CPU.Build.0 = Release|Any CPU
		{77388433-C373-4607-8F06-6F7E1BB49A06}.Debug|Any CPU.ActiveCfg = Debug|Any CPU
		{77388433-C373-4607-8F06-6F7E1BB49A06}.Debug|Any CPU.Build.0 = Debug|Any CPU
		{77388433-C373-4607-8F06-6F7E1BB49A06}.Release|Any CPU.ActiveCfg = Release|Any CPU
		{77388433-C373-4607-8F06-6F7E1BB49A06}.Release|Any CPU.Build.0 = Release|Any CPU
		{D4FB300C-6158-4CFA-A445-E884F19B2794}.Debug|Any CPU.ActiveCfg = Debug|Any CPU
		{D4FB300C-6158-4CFA-A445-E884F19B2794}.Debug|Any CPU.Build.0 = Debug|Any CPU
		{D4FB300C-6158-4CFA-A445-E884F19B2794}.Release|Any CPU.ActiveCfg = Release|Any CPU
		{D4FB300C-6158-4CFA-A445-E884F19B2794}.Release|Any CPU.Build.0 = Release|Any CPU
		{1432AD90-5088-4789-804A-8429D2E488E7}.Debug|Any CPU.ActiveCfg = Debug|Any CPU
		{1432AD90-5088-4789-804A-8429D2E488E7}.Debug|Any CPU.Build.0 = Debug|Any CPU
		{1432AD90-5088-4789-804A-8429D2E488E7}.Release|Any CPU.ActiveCfg = Release|Any CPU
		{1432AD90-5088-4789-804A-8429D2E488E7}.Release|Any CPU.Build.0 = Release|Any CPU
		{BA668553-160D-4DAF-A545-DE32439859ED}.Debug|Any CPU.ActiveCfg = Debug|Any CPU
		{BA668553-160D-4DAF-A545-DE32439859ED}.Debug|Any CPU.Build.0 = Debug|Any CPU
		{BA668553-160D-4DAF-A545-DE32439859ED}.Release|Any CPU.ActiveCfg = Release|Any CPU
		{BA668553-160D-4DAF-A545-DE32439859ED}.Release|Any CPU.Build.0 = Release|Any CPU
	EndGlobalSection
	GlobalSection(SolutionProperties) = preSolution
		HideSolutionNode = FALSE
	EndGlobalSection
	GlobalSection(ExtensibilityGlobals) = postSolution
		SolutionGuid = {EF122AC2-AA8B-4EB3-AD70-E80E5CFCE998}
	EndGlobalSection
EndGlobal
