
Microsoft Visual Studio Solution File, Format Version 12.00
# Visual Studio Version 17
VisualStudioVersion = 17.11.35208.52
MinimumVisualStudioVersion = 10.0.40219.1
Project("{FAE04EC0-301F-11D3-BF4B-00C04F79EFBC}") = "PetLuvSystem.SharedLibrary", "PetLuvSystem.SharedLibrary\PetLuvSystem.SharedLibrary.csproj", "{FEA6AB2E-2012-489B-A9E6-0BDA02CA0A5B}"
EndProject
Global
	GlobalSection(SolutionConfigurationPlatforms) = preSolution
		Debug|Any CPU = Debug|Any CPU
		Release|Any CPU = Release|Any CPU
	EndGlobalSection
	GlobalSection(ProjectConfigurationPlatforms) = postSolution
		{FEA6AB2E-2012-489B-A9E6-0BDA02CA0A5B}.Debug|Any CPU.ActiveCfg = Debug|Any CPU
		{FEA6AB2E-2012-489B-A9E6-0BDA02CA0A5B}.Debug|Any CPU.Build.0 = Debug|Any CPU
		{FEA6AB2E-2012-489B-A9E6-0BDA02CA0A5B}.Release|Any CPU.ActiveCfg = Release|Any CPU
		{FEA6AB2E-2012-489B-A9E6-0BDA02CA0A5B}.Release|Any CPU.Build.0 = Release|Any CPU
	EndGlobalSection
	GlobalSection(SolutionProperties) = preSolution
		HideSolutionNode = FALSE
	EndGlobalSection
	GlobalSection(ExtensibilityGlobals) = postSolution
		SolutionGuid = {9E69DD2F-E104-4143-8D35-B141546E18FD}
	EndGlobalSection
EndGlobal
